
Microsoft Visual Studio Solution File, Format Version 12.00
# Visual Studio Version 17
VisualStudioVersion = 17.8.34330.188
MinimumVisualStudioVersion = 10.0.40219.1
Project("{FAE04EC0-301F-11D3-BF4B-00C04F79EFBC}") = "ExchangeRateComparator", "ExchangeRateComparator\ExchangeRateComparator.csproj", "{E44B5BF6-B545-4930-BEE8-7B15C0E0DFF9}"
EndProject
Project("{FAE04EC0-301F-11D3-BF4B-00C04F79EFBC}") = "ExchangeRateWebApi", "ExchangeRateWebApi\ExchangeRateWebApi.csproj", "{43C3DAD8-555E-492A-B940-89903390AD23}"
EndProject
Global
	GlobalSection(SolutionConfigurationPlatforms) = preSolution
		Debug|Any CPU = Debug|Any CPU
		Release|Any CPU = Release|Any CPU
	EndGlobalSection
	GlobalSection(ProjectConfigurationPlatforms) = postSolution
		{E44B5BF6-B545-4930-BEE8-7B15C0E0DFF9}.Debug|Any CPU.ActiveCfg = Debug|Any CPU
		{E44B5BF6-B545-4930-BEE8-7B15C0E0DFF9}.Debug|Any CPU.Build.0 = Debug|Any CPU
		{E44B5BF6-B545-4930-BEE8-7B15C0E0DFF9}.Release|Any CPU.ActiveCfg = Release|Any CPU
		{E44B5BF6-B545-4930-BEE8-7B15C0E0DFF9}.Release|Any CPU.Build.0 = Release|Any CPU
		{43C3DAD8-555E-492A-B940-89903390AD23}.Debug|Any CPU.ActiveCfg = Debug|Any CPU
		{43C3DAD8-555E-492A-B940-89903390AD23}.Debug|Any CPU.Build.0 = Debug|Any CPU
		{43C3DAD8-555E-492A-B940-89903390AD23}.Release|Any CPU.ActiveCfg = Release|Any CPU
		{43C3DAD8-555E-492A-B940-89903390AD23}.Release|Any CPU.Build.0 = Release|Any CPU
	EndGlobalSection
	GlobalSection(SolutionProperties) = preSolution
		HideSolutionNode = FALSE
	EndGlobalSection
	GlobalSection(ExtensibilityGlobals) = postSolution
		SolutionGuid = {5481A959-D7E9-4A7B-ABD6-13E871F69E74}
	EndGlobalSection
EndGlobal
