
Microsoft Visual Studio Solution File, Format Version 12.00
# Visual Studio Version 17
VisualStudioVersion = 17.8.34330.188
MinimumVisualStudioVersion = 10.0.40219.1
Project("{9A19103F-16F7-4668-BE54-9A1E7A4F7556}") = "ExchangeRateComparator", "ExchangeRateComparator\ExchangeRateComparator.csproj", "{E44B5BF6-B545-4930-BEE8-7B15C0E0DFF9}"
EndProject
Project("{9A19103F-16F7-4668-BE54-9A1E7A4F7556}") = "ExchangeRateWebApi", "ExchangeRateWebApi\ExchangeRateWebApi.csproj", "{43C3DAD8-555E-492A-B940-89903390AD23}"
EndProject
Project("{9A19103F-16F7-4668-BE54-9A1E7A4F7556}") = "WebApi.Tests", "WebApi.Tests\WebApi.Tests.csproj", "{6D041C3F-0931-4EDE-A87C-5F784F5D0B1C}"
EndProject
Project("{E53339B2-1760-4266-BCC7-CA923CBCF16C}") = "docker-compose", "docker-compose.dcproj", "{B12467F1-71F3-4608-AB1C-A58384DD6751}"
EndProject
Global
	GlobalSection(SolutionConfigurationPlatforms) = preSolution
		Debug|Any CPU = Debug|Any CPU
		Release|Any CPU = Release|Any CPU
	EndGlobalSection
	GlobalSection(ProjectConfigurationPlatforms) = postSolution
		{E44B5BF6-B545-4930-BEE8-7B15C0E0DFF9}.Debug|Any CPU.ActiveCfg = Debug|Any CPU
		{E44B5BF6-B545-4930-BEE8-7B15C0E0DFF9}.Debug|Any CPU.Build.0 = Debug|Any CPU
		{E44B5BF6-B545-4930-BEE8-7B15C0E0DFF9}.Release|Any CPU.ActiveCfg = Release|Any CPU
		{E44B5BF6-B545-4930-BEE8-7B15C0E0DFF9}.Release|Any CPU.Build.0 = Release|Any CPU
		{43C3DAD8-555E-492A-B940-89903390AD23}.Debug|Any CPU.ActiveCfg = Debug|Any CPU
		{43C3DAD8-555E-492A-B940-89903390AD23}.Debug|Any CPU.Build.0 = Debug|Any CPU
		{43C3DAD8-555E-492A-B940-89903390AD23}.Release|Any CPU.ActiveCfg = Release|Any CPU
		{43C3DAD8-555E-492A-B940-89903390AD23}.Release|Any CPU.Build.0 = Release|Any CPU
		{6D041C3F-0931-4EDE-A87C-5F784F5D0B1C}.Debug|Any CPU.ActiveCfg = Debug|Any CPU
		{6D041C3F-0931-4EDE-A87C-5F784F5D0B1C}.Debug|Any CPU.Build.0 = Debug|Any CPU
		{6D041C3F-0931-4EDE-A87C-5F784F5D0B1C}.Release|Any CPU.ActiveCfg = Release|Any CPU
		{6D041C3F-0931-4EDE-A87C-5F784F5D0B1C}.Release|Any CPU.Build.0 = Release|Any CPU
		{B12467F1-71F3-4608-AB1C-A58384DD6751}.Debug|Any CPU.ActiveCfg = Debug|Any CPU
		{B12467F1-71F3-4608-AB1C-A58384DD6751}.Debug|Any CPU.Build.0 = Debug|Any CPU
		{B12467F1-71F3-4608-AB1C-A58384DD6751}.Release|Any CPU.ActiveCfg = Release|Any CPU
		{B12467F1-71F3-4608-AB1C-A58384DD6751}.Release|Any CPU.Build.0 = Release|Any CPU
	EndGlobalSection
	GlobalSection(SolutionProperties) = preSolution
		HideSolutionNode = FALSE
	EndGlobalSection
	GlobalSection(ExtensibilityGlobals) = postSolution
		SolutionGuid = {5481A959-D7E9-4A7B-ABD6-13E871F69E74}
	EndGlobalSection
EndGlobal
